
Microsoft Visual Studio Solution File, Format Version 12.00
# Visual Studio 14
VisualStudioVersion = 14.0.25420.1
MinimumVisualStudioVersion = 10.0.40219.1
Project("{FAE04EC0-301F-11D3-BF4B-00C04F79EFBC}") = "MedialunaTP", "MedialunaTP\MedialunaTP.csproj", "{59E235F9-0394-40AF-9055-BC0FCEE894E8}"
EndProject
Project("{FAE04EC0-301F-11D3-BF4B-00C04F79EFBC}") = "BE", "BE\BE.csproj", "{4153B151-EE43-47B8-A5FB-562E0D4475C1}"
EndProject
Project("{FAE04EC0-301F-11D3-BF4B-00C04F79EFBC}") = "DAL", "DAL\DAL.csproj", "{86CE0FDB-66AE-437F-A5FE-4C8452544DD9}"
EndProject
Project("{FAE04EC0-301F-11D3-BF4B-00C04F79EFBC}") = "BLL", "BLL\BLL.csproj", "{9B20BADC-BF2D-4E01-8B86-A55A0CEF3B9E}"
EndProject
Project("{FAE04EC0-301F-11D3-BF4B-00C04F79EFBC}") = "WebService", "WebService\WebService.csproj", "{C48E3B6B-9AC1-48E4-831D-829699898423}"
EndProject
Project("{FAE04EC0-301F-11D3-BF4B-00C04F79EFBC}") = "Mobile", "Mobile\Mobile.csproj", "{CC61A51C-A336-4EAB-BC5C-C3A0AD7F2EB6}"
EndProject
Global
	GlobalSection(SolutionConfigurationPlatforms) = preSolution
		Debug|Any CPU = Debug|Any CPU
		Debug|ARM = Debug|ARM
		Debug|x86 = Debug|x86
		Release|Any CPU = Release|Any CPU
		Release|ARM = Release|ARM
		Release|x86 = Release|x86
	EndGlobalSection
	GlobalSection(ProjectConfigurationPlatforms) = postSolution
		{59E235F9-0394-40AF-9055-BC0FCEE894E8}.Debug|Any CPU.ActiveCfg = Debug|Any CPU
		{59E235F9-0394-40AF-9055-BC0FCEE894E8}.Debug|Any CPU.Build.0 = Debug|Any CPU
		{59E235F9-0394-40AF-9055-BC0FCEE894E8}.Debug|ARM.ActiveCfg = Debug|Any CPU
		{59E235F9-0394-40AF-9055-BC0FCEE894E8}.Debug|ARM.Build.0 = Debug|Any CPU
		{59E235F9-0394-40AF-9055-BC0FCEE894E8}.Debug|x86.ActiveCfg = Debug|Any CPU
		{59E235F9-0394-40AF-9055-BC0FCEE894E8}.Debug|x86.Build.0 = Debug|Any CPU
		{59E235F9-0394-40AF-9055-BC0FCEE894E8}.Release|Any CPU.ActiveCfg = Release|Any CPU
		{59E235F9-0394-40AF-9055-BC0FCEE894E8}.Release|Any CPU.Build.0 = Release|Any CPU
		{59E235F9-0394-40AF-9055-BC0FCEE894E8}.Release|ARM.ActiveCfg = Release|Any CPU
		{59E235F9-0394-40AF-9055-BC0FCEE894E8}.Release|ARM.Build.0 = Release|Any CPU
		{59E235F9-0394-40AF-9055-BC0FCEE894E8}.Release|x86.ActiveCfg = Release|Any CPU
		{59E235F9-0394-40AF-9055-BC0FCEE894E8}.Release|x86.Build.0 = Release|Any CPU
		{4153B151-EE43-47B8-A5FB-562E0D4475C1}.Debug|Any CPU.ActiveCfg = Debug|Any CPU
		{4153B151-EE43-47B8-A5FB-562E0D4475C1}.Debug|Any CPU.Build.0 = Debug|Any CPU
		{4153B151-EE43-47B8-A5FB-562E0D4475C1}.Debug|ARM.ActiveCfg = Debug|Any CPU
		{4153B151-EE43-47B8-A5FB-562E0D4475C1}.Debug|ARM.Build.0 = Debug|Any CPU
		{4153B151-EE43-47B8-A5FB-562E0D4475C1}.Debug|x86.ActiveCfg = Debug|Any CPU
		{4153B151-EE43-47B8-A5FB-562E0D4475C1}.Debug|x86.Build.0 = Debug|Any CPU
		{4153B151-EE43-47B8-A5FB-562E0D4475C1}.Release|Any CPU.ActiveCfg = Release|Any CPU
		{4153B151-EE43-47B8-A5FB-562E0D4475C1}.Release|Any CPU.Build.0 = Release|Any CPU
		{4153B151-EE43-47B8-A5FB-562E0D4475C1}.Release|ARM.ActiveCfg = Release|Any CPU
		{4153B151-EE43-47B8-A5FB-562E0D4475C1}.Release|ARM.Build.0 = Release|Any CPU
		{4153B151-EE43-47B8-A5FB-562E0D4475C1}.Release|x86.ActiveCfg = Release|Any CPU
		{4153B151-EE43-47B8-A5FB-562E0D4475C1}.Release|x86.Build.0 = Release|Any CPU
		{86CE0FDB-66AE-437F-A5FE-4C8452544DD9}.Debug|Any CPU.ActiveCfg = Debug|Any CPU
		{86CE0FDB-66AE-437F-A5FE-4C8452544DD9}.Debug|Any CPU.Build.0 = Debug|Any CPU
		{86CE0FDB-66AE-437F-A5FE-4C8452544DD9}.Debug|ARM.ActiveCfg = Debug|Any CPU
		{86CE0FDB-66AE-437F-A5FE-4C8452544DD9}.Debug|ARM.Build.0 = Debug|Any CPU
		{86CE0FDB-66AE-437F-A5FE-4C8452544DD9}.Debug|x86.ActiveCfg = Debug|Any CPU
		{86CE0FDB-66AE-437F-A5FE-4C8452544DD9}.Debug|x86.Build.0 = Debug|Any CPU
		{86CE0FDB-66AE-437F-A5FE-4C8452544DD9}.Release|Any CPU.ActiveCfg = Release|Any CPU
		{86CE0FDB-66AE-437F-A5FE-4C8452544DD9}.Release|Any CPU.Build.0 = Release|Any CPU
		{86CE0FDB-66AE-437F-A5FE-4C8452544DD9}.Release|ARM.ActiveCfg = Release|Any CPU
		{86CE0FDB-66AE-437F-A5FE-4C8452544DD9}.Release|ARM.Build.0 = Release|Any CPU
		{86CE0FDB-66AE-437F-A5FE-4C8452544DD9}.Release|x86.ActiveCfg = Release|Any CPU
		{86CE0FDB-66AE-437F-A5FE-4C8452544DD9}.Release|x86.Build.0 = Release|Any CPU
		{9B20BADC-BF2D-4E01-8B86-A55A0CEF3B9E}.Debug|Any CPU.ActiveCfg = Debug|Any CPU
		{9B20BADC-BF2D-4E01-8B86-A55A0CEF3B9E}.Debug|Any CPU.Build.0 = Debug|Any CPU
		{9B20BADC-BF2D-4E01-8B86-A55A0CEF3B9E}.Debug|ARM.ActiveCfg = Debug|Any CPU
		{9B20BADC-BF2D-4E01-8B86-A55A0CEF3B9E}.Debug|ARM.Build.0 = Debug|Any CPU
		{9B20BADC-BF2D-4E01-8B86-A55A0CEF3B9E}.Debug|x86.ActiveCfg = Debug|Any CPU
		{9B20BADC-BF2D-4E01-8B86-A55A0CEF3B9E}.Debug|x86.Build.0 = Debug|Any CPU
		{9B20BADC-BF2D-4E01-8B86-A55A0CEF3B9E}.Release|Any CPU.ActiveCfg = Release|Any CPU
		{9B20BADC-BF2D-4E01-8B86-A55A0CEF3B9E}.Release|Any CPU.Build.0 = Release|Any CPU
		{9B20BADC-BF2D-4E01-8B86-A55A0CEF3B9E}.Release|ARM.ActiveCfg = Release|Any CPU
		{9B20BADC-BF2D-4E01-8B86-A55A0CEF3B9E}.Release|ARM.Build.0 = Release|Any CPU
		{9B20BADC-BF2D-4E01-8B86-A55A0CEF3B9E}.Release|x86.ActiveCfg = Release|Any CPU
		{9B20BADC-BF2D-4E01-8B86-A55A0CEF3B9E}.Release|x86.Build.0 = Release|Any CPU
		{C48E3B6B-9AC1-48E4-831D-829699898423}.Debug|Any CPU.ActiveCfg = Debug|Any CPU
		{C48E3B6B-9AC1-48E4-831D-829699898423}.Debug|Any CPU.Build.0 = Debug|Any CPU
		{C48E3B6B-9AC1-48E4-831D-829699898423}.Debug|ARM.ActiveCfg = Debug|Any CPU
		{C48E3B6B-9AC1-48E4-831D-829699898423}.Debug|ARM.Build.0 = Debug|Any CPU
		{C48E3B6B-9AC1-48E4-831D-829699898423}.Debug|x86.ActiveCfg = Debug|Any CPU
		{C48E3B6B-9AC1-48E4-831D-829699898423}.Debug|x86.Build.0 = Debug|Any CPU
		{C48E3B6B-9AC1-48E4-831D-829699898423}.Release|Any CPU.ActiveCfg = Release|Any CPU
		{C48E3B6B-9AC1-48E4-831D-829699898423}.Release|Any CPU.Build.0 = Release|Any CPU
		{C48E3B6B-9AC1-48E4-831D-829699898423}.Release|ARM.ActiveCfg = Release|Any CPU
		{C48E3B6B-9AC1-48E4-831D-829699898423}.Release|ARM.Build.0 = Release|Any CPU
		{C48E3B6B-9AC1-48E4-831D-829699898423}.Release|x86.ActiveCfg = Release|Any CPU
		{C48E3B6B-9AC1-48E4-831D-829699898423}.Release|x86.Build.0 = Release|Any CPU
		{CC61A51C-A336-4EAB-BC5C-C3A0AD7F2EB6}.Debug|Any CPU.ActiveCfg = Debug|Any CPU
		{CC61A51C-A336-4EAB-BC5C-C3A0AD7F2EB6}.Debug|Any CPU.Build.0 = Debug|Any CPU
		{CC61A51C-A336-4EAB-BC5C-C3A0AD7F2EB6}.Debug|Any CPU.Deploy.0 = Debug|Any CPU
		{CC61A51C-A336-4EAB-BC5C-C3A0AD7F2EB6}.Debug|ARM.ActiveCfg = Debug|ARM
		{CC61A51C-A336-4EAB-BC5C-C3A0AD7F2EB6}.Debug|ARM.Build.0 = Debug|ARM
		{CC61A51C-A336-4EAB-BC5C-C3A0AD7F2EB6}.Debug|ARM.Deploy.0 = Debug|ARM
		{CC61A51C-A336-4EAB-BC5C-C3A0AD7F2EB6}.Debug|x86.ActiveCfg = Debug|x86
		{CC61A51C-A336-4EAB-BC5C-C3A0AD7F2EB6}.Debug|x86.Build.0 = Debug|x86
		{CC61A51C-A336-4EAB-BC5C-C3A0AD7F2EB6}.Debug|x86.Deploy.0 = Debug|x86
		{CC61A51C-A336-4EAB-BC5C-C3A0AD7F2EB6}.Release|Any CPU.ActiveCfg = Release|Any CPU
		{CC61A51C-A336-4EAB-BC5C-C3A0AD7F2EB6}.Release|Any CPU.Build.0 = Release|Any CPU
		{CC61A51C-A336-4EAB-BC5C-C3A0AD7F2EB6}.Release|Any CPU.Deploy.0 = Release|Any CPU
		{CC61A51C-A336-4EAB-BC5C-C3A0AD7F2EB6}.Release|ARM.ActiveCfg = Release|ARM
		{CC61A51C-A336-4EAB-BC5C-C3A0AD7F2EB6}.Release|ARM.Build.0 = Release|ARM
		{CC61A51C-A336-4EAB-BC5C-C3A0AD7F2EB6}.Release|ARM.Deploy.0 = Release|ARM
		{CC61A51C-A336-4EAB-BC5C-C3A0AD7F2EB6}.Release|x86.ActiveCfg = Release|x86
		{CC61A51C-A336-4EAB-BC5C-C3A0AD7F2EB6}.Release|x86.Build.0 = Release|x86
		{CC61A51C-A336-4EAB-BC5C-C3A0AD7F2EB6}.Release|x86.Deploy.0 = Release|x86
	EndGlobalSection
	GlobalSection(SolutionProperties) = preSolution
		HideSolutionNode = FALSE
	EndGlobalSection
	GlobalSection(ExtensibilityGlobals) = postSolution
		SolutionGuid = {A891F29E-0FAF-49FB-9497-97C3E120AB38}
	EndGlobalSection
EndGlobal
