
Microsoft Visual Studio Solution File, Format Version 12.00
# Visual Studio 15
VisualStudioVersion = 15.0.26430.6
MinimumVisualStudioVersion = 10.0.40219.1
Project("{2150E333-8FDC-42A3-9474-1A3956D46DE8}") = "Data", "Data", "{36AB28E1-F1F1-4E8B-A69D-1319F22454BF}"
EndProject
Project("{2150E333-8FDC-42A3-9474-1A3956D46DE8}") = "Business", "Business", "{07917E14-E6FB-46B2-9A3E-7F153797FC98}"
EndProject
Project("{2150E333-8FDC-42A3-9474-1A3956D46DE8}") = "Services", "Services", "{AD722D74-8458-423F-94F9-BBACCC1737B6}"
EndProject
Project("{2150E333-8FDC-42A3-9474-1A3956D46DE8}") = "Presentation", "Presentation", "{23A6FD26-81A6-4B11-A42F-25E457DE4192}"
EndProject
Project("{2150E333-8FDC-42A3-9474-1A3956D46DE8}") = "Hosts", "Hosts", "{06C5CB99-7E2E-4C64-9D52-82B9B5898E08}"
EndProject
Project("{2150E333-8FDC-42A3-9474-1A3956D46DE8}") = "Shared", "Shared", "{6200C4EA-A4E9-440C-82AA-62CD5F441BDB}"
EndProject
Project("{2150E333-8FDC-42A3-9474-1A3956D46DE8}") = "Tests", "Tests", "{C038D7B5-912E-4F17-A72D-1FF2ABEAF92B}"
EndProject
Project("{FAE04EC0-301F-11D3-BF4B-00C04F79EFBC}") = "ASF.Entities", "Shared\ASF.Entities\ASF.Entities.csproj", "{5F7C08E8-891E-41C7-9E8D-E94B75222C0B}"
EndProject
Project("{FAE04EC0-301F-11D3-BF4B-00C04F79EFBC}") = "ASF.Data", "Data\ASF.Data\ASF.Data.csproj", "{422EB420-D9BC-4286-9E35-E9E3058DEFE8}"
EndProject
Project("{FAE04EC0-301F-11D3-BF4B-00C04F79EFBC}") = "ASF.Business", "Business\ASF.Business\ASF.Business.csproj", "{1290A947-F5D1-45B8-B19A-E0F9185DE46B}"
	ProjectSection(ProjectDependencies) = postProject
		{B07FAACC-7F82-4FDB-9BBB-666711EEF0F4} = {B07FAACC-7F82-4FDB-9BBB-666711EEF0F4}
	EndProjectSection
EndProject
Project("{FAE04EC0-301F-11D3-BF4B-00C04F79EFBC}") = "ASF.Services.Contracts", "Services\ASF.Services.Contracts\ASF.Services.Contracts.csproj", "{D51CA5E5-FB1D-478E-9B11-A7D0BE066828}"
EndProject
Project("{FAE04EC0-301F-11D3-BF4B-00C04F79EFBC}") = "ASF.Services", "Services\ASF.Services\ASF.Services.csproj", "{D4D153CB-F921-4D4F-AE35-B783C98C556F}"
EndProject
Project("{FAE04EC0-301F-11D3-BF4B-00C04F79EFBC}") = "ASF.Services.Http", "Services\ASF.Services.Http\ASF.Services.Http.csproj", "{508C1CD3-5A77-4B81-84CF-FA6CA2FBEAE4}"
EndProject
Project("{FAE04EC0-301F-11D3-BF4B-00C04F79EFBC}") = "ASF.Hosts.Web", "Hosts\ASF.Hosts.Web\ASF.Hosts.Web.csproj", "{3B57F5CC-DB6C-47FE-8F8E-5CAE72EB243D}"
EndProject
Project("{FAE04EC0-301F-11D3-BF4B-00C04F79EFBC}") = "ASF.UI.Process", "Presentation\ASF.UI.Process\ASF.UI.Process.csproj", "{16102133-B8DC-4516-B714-C2802ECFA923}"
EndProject
Project("{FAE04EC0-301F-11D3-BF4B-00C04F79EFBC}") = "ASF.Test", "Tests\ASF.Test\ASF.Test.csproj", "{6DCC2017-3E5B-4A79-8703-DB4E4E03A01E}"
EndProject
Project("{FAE04EC0-301F-11D3-BF4B-00C04F79EFBC}") = "ASF.UI.WbSite", "Presentation\ASF.UI.WbSite\ASF.UI.WbSite.csproj", "{2AE8D9D4-1145-464B-8283-4AAECC485E62}"
EndProject
Project("{FAE04EC0-301F-11D3-BF4B-00C04F79EFBC}") = "ASF.Framework", "Shared\ASF.Framework\ASF.Framework.csproj", "{B07FAACC-7F82-4FDB-9BBB-666711EEF0F4}"
EndProject
Global
	GlobalSection(SolutionConfigurationPlatforms) = preSolution
		Debug|Any CPU = Debug|Any CPU
		Release|Any CPU = Release|Any CPU
	EndGlobalSection
	GlobalSection(ProjectConfigurationPlatforms) = postSolution
		{5F7C08E8-891E-41C7-9E8D-E94B75222C0B}.Debug|Any CPU.ActiveCfg = Debug|Any CPU
		{5F7C08E8-891E-41C7-9E8D-E94B75222C0B}.Debug|Any CPU.Build.0 = Debug|Any CPU
		{5F7C08E8-891E-41C7-9E8D-E94B75222C0B}.Release|Any CPU.ActiveCfg = Release|Any CPU
		{5F7C08E8-891E-41C7-9E8D-E94B75222C0B}.Release|Any CPU.Build.0 = Release|Any CPU
		{422EB420-D9BC-4286-9E35-E9E3058DEFE8}.Debug|Any CPU.ActiveCfg = Debug|Any CPU
		{422EB420-D9BC-4286-9E35-E9E3058DEFE8}.Debug|Any CPU.Build.0 = Debug|Any CPU
		{422EB420-D9BC-4286-9E35-E9E3058DEFE8}.Release|Any CPU.ActiveCfg = Release|Any CPU
		{422EB420-D9BC-4286-9E35-E9E3058DEFE8}.Release|Any CPU.Build.0 = Release|Any CPU
		{1290A947-F5D1-45B8-B19A-E0F9185DE46B}.Debug|Any CPU.ActiveCfg = Debug|Any CPU
		{1290A947-F5D1-45B8-B19A-E0F9185DE46B}.Debug|Any CPU.Build.0 = Debug|Any CPU
		{1290A947-F5D1-45B8-B19A-E0F9185DE46B}.Release|Any CPU.ActiveCfg = Release|Any CPU
		{1290A947-F5D1-45B8-B19A-E0F9185DE46B}.Release|Any CPU.Build.0 = Release|Any CPU
		{D51CA5E5-FB1D-478E-9B11-A7D0BE066828}.Debug|Any CPU.ActiveCfg = Debug|Any CPU
		{D51CA5E5-FB1D-478E-9B11-A7D0BE066828}.Debug|Any CPU.Build.0 = Debug|Any CPU
		{D51CA5E5-FB1D-478E-9B11-A7D0BE066828}.Release|Any CPU.ActiveCfg = Release|Any CPU
		{D51CA5E5-FB1D-478E-9B11-A7D0BE066828}.Release|Any CPU.Build.0 = Release|Any CPU
		{D4D153CB-F921-4D4F-AE35-B783C98C556F}.Debug|Any CPU.ActiveCfg = Debug|Any CPU
		{D4D153CB-F921-4D4F-AE35-B783C98C556F}.Debug|Any CPU.Build.0 = Debug|Any CPU
		{D4D153CB-F921-4D4F-AE35-B783C98C556F}.Release|Any CPU.ActiveCfg = Release|Any CPU
		{D4D153CB-F921-4D4F-AE35-B783C98C556F}.Release|Any CPU.Build.0 = Release|Any CPU
		{508C1CD3-5A77-4B81-84CF-FA6CA2FBEAE4}.Debug|Any CPU.ActiveCfg = Debug|Any CPU
		{508C1CD3-5A77-4B81-84CF-FA6CA2FBEAE4}.Debug|Any CPU.Build.0 = Debug|Any CPU
		{508C1CD3-5A77-4B81-84CF-FA6CA2FBEAE4}.Release|Any CPU.ActiveCfg = Release|Any CPU
		{508C1CD3-5A77-4B81-84CF-FA6CA2FBEAE4}.Release|Any CPU.Build.0 = Release|Any CPU
		{3B57F5CC-DB6C-47FE-8F8E-5CAE72EB243D}.Debug|Any CPU.ActiveCfg = Debug|Any CPU
		{3B57F5CC-DB6C-47FE-8F8E-5CAE72EB243D}.Debug|Any CPU.Build.0 = Debug|Any CPU
		{3B57F5CC-DB6C-47FE-8F8E-5CAE72EB243D}.Release|Any CPU.ActiveCfg = Release|Any CPU
		{3B57F5CC-DB6C-47FE-8F8E-5CAE72EB243D}.Release|Any CPU.Build.0 = Release|Any CPU
		{16102133-B8DC-4516-B714-C2802ECFA923}.Debug|Any CPU.ActiveCfg = Debug|Any CPU
		{16102133-B8DC-4516-B714-C2802ECFA923}.Debug|Any CPU.Build.0 = Debug|Any CPU
		{16102133-B8DC-4516-B714-C2802ECFA923}.Release|Any CPU.ActiveCfg = Release|Any CPU
		{16102133-B8DC-4516-B714-C2802ECFA923}.Release|Any CPU.Build.0 = Release|Any CPU
		{6DCC2017-3E5B-4A79-8703-DB4E4E03A01E}.Debug|Any CPU.ActiveCfg = Debug|Any CPU
		{6DCC2017-3E5B-4A79-8703-DB4E4E03A01E}.Debug|Any CPU.Build.0 = Debug|Any CPU
		{6DCC2017-3E5B-4A79-8703-DB4E4E03A01E}.Release|Any CPU.ActiveCfg = Release|Any CPU
		{6DCC2017-3E5B-4A79-8703-DB4E4E03A01E}.Release|Any CPU.Build.0 = Release|Any CPU
		{2AE8D9D4-1145-464B-8283-4AAECC485E62}.Debug|Any CPU.ActiveCfg = Debug|Any CPU
		{2AE8D9D4-1145-464B-8283-4AAECC485E62}.Debug|Any CPU.Build.0 = Debug|Any CPU
		{2AE8D9D4-1145-464B-8283-4AAECC485E62}.Release|Any CPU.ActiveCfg = Release|Any CPU
		{2AE8D9D4-1145-464B-8283-4AAECC485E62}.Release|Any CPU.Build.0 = Release|Any CPU
		{B07FAACC-7F82-4FDB-9BBB-666711EEF0F4}.Debug|Any CPU.ActiveCfg = Debug|Any CPU
		{B07FAACC-7F82-4FDB-9BBB-666711EEF0F4}.Debug|Any CPU.Build.0 = Debug|Any CPU
		{B07FAACC-7F82-4FDB-9BBB-666711EEF0F4}.Release|Any CPU.ActiveCfg = Release|Any CPU
		{B07FAACC-7F82-4FDB-9BBB-666711EEF0F4}.Release|Any CPU.Build.0 = Release|Any CPU
	EndGlobalSection
	GlobalSection(SolutionProperties) = preSolution
		HideSolutionNode = FALSE
	EndGlobalSection
	GlobalSection(NestedProjects) = preSolution
		{5F7C08E8-891E-41C7-9E8D-E94B75222C0B} = {6200C4EA-A4E9-440C-82AA-62CD5F441BDB}
		{422EB420-D9BC-4286-9E35-E9E3058DEFE8} = {36AB28E1-F1F1-4E8B-A69D-1319F22454BF}
		{1290A947-F5D1-45B8-B19A-E0F9185DE46B} = {07917E14-E6FB-46B2-9A3E-7F153797FC98}
		{D51CA5E5-FB1D-478E-9B11-A7D0BE066828} = {AD722D74-8458-423F-94F9-BBACCC1737B6}
		{D4D153CB-F921-4D4F-AE35-B783C98C556F} = {AD722D74-8458-423F-94F9-BBACCC1737B6}
		{508C1CD3-5A77-4B81-84CF-FA6CA2FBEAE4} = {AD722D74-8458-423F-94F9-BBACCC1737B6}
		{3B57F5CC-DB6C-47FE-8F8E-5CAE72EB243D} = {06C5CB99-7E2E-4C64-9D52-82B9B5898E08}
		{16102133-B8DC-4516-B714-C2802ECFA923} = {23A6FD26-81A6-4B11-A42F-25E457DE4192}
		{6DCC2017-3E5B-4A79-8703-DB4E4E03A01E} = {C038D7B5-912E-4F17-A72D-1FF2ABEAF92B}
		{2AE8D9D4-1145-464B-8283-4AAECC485E62} = {23A6FD26-81A6-4B11-A42F-25E457DE4192}
		{B07FAACC-7F82-4FDB-9BBB-666711EEF0F4} = {6200C4EA-A4E9-440C-82AA-62CD5F441BDB}
	EndGlobalSection
	GlobalSection(ExtensibilityGlobals) = postSolution
		EnterpriseLibraryConfigurationToolBinariesPathV6 = packages\EnterpriseLibrary.Common.6.0.1304.0\lib\NET45;packages\EnterpriseLibrary.Data.6.0.1304.0\lib\NET45
	EndGlobalSection
EndGlobal
