
Microsoft Visual Studio Solution File, Format Version 12.00
# Visual Studio Version 16
VisualStudioVersion = 16.0.31424.327
MinimumVisualStudioVersion = 10.0.40219.1
Project("{9A19103F-16F7-4668-BE54-9A1E7A4F7556}") = "Domain", "Domain\Domain.csproj", "{7240089B-96BB-40E8-88C2-38074FB1BA14}"
EndProject
Project("{9A19103F-16F7-4668-BE54-9A1E7A4F7556}") = "Application", "Application\Application.csproj", "{4D553703-2930-45C7-8FCB-3021EAA86C02}"
EndProject
Project("{9A19103F-16F7-4668-BE54-9A1E7A4F7556}") = "Infra", "Infra\Infra.csproj", "{5EADED8C-3FBD-42FD-A30E-6575EAD2AD09}"
EndProject
Project("{9A19103F-16F7-4668-BE54-9A1E7A4F7556}") = "DatabaseWrapper", "DatabaseWrapper\DatabaseWrapper.csproj", "{EFD19ABA-515F-40CD-BD7A-D53135D7B6D8}"
EndProject
Project("{FAE04EC0-301F-11D3-BF4B-00C04F79EFBC}") = "WebApi", "WebApi\WebApi.csproj", "{FAD0ED87-0BB7-44CD-A0DE-7EE8F90DC626}"
EndProject
Global
	GlobalSection(SolutionConfigurationPlatforms) = preSolution
		Debug|Any CPU = Debug|Any CPU
		Release|Any CPU = Release|Any CPU
	EndGlobalSection
	GlobalSection(ProjectConfigurationPlatforms) = postSolution
		{7240089B-96BB-40E8-88C2-38074FB1BA14}.Debug|Any CPU.ActiveCfg = Debug|Any CPU
		{7240089B-96BB-40E8-88C2-38074FB1BA14}.Debug|Any CPU.Build.0 = Debug|Any CPU
		{7240089B-96BB-40E8-88C2-38074FB1BA14}.Release|Any CPU.ActiveCfg = Release|Any CPU
		{7240089B-96BB-40E8-88C2-38074FB1BA14}.Release|Any CPU.Build.0 = Release|Any CPU
		{4D553703-2930-45C7-8FCB-3021EAA86C02}.Debug|Any CPU.ActiveCfg = Debug|Any CPU
		{4D553703-2930-45C7-8FCB-3021EAA86C02}.Debug|Any CPU.Build.0 = Debug|Any CPU
		{4D553703-2930-45C7-8FCB-3021EAA86C02}.Release|Any CPU.ActiveCfg = Release|Any CPU
		{4D553703-2930-45C7-8FCB-3021EAA86C02}.Release|Any CPU.Build.0 = Release|Any CPU
		{5EADED8C-3FBD-42FD-A30E-6575EAD2AD09}.Debug|Any CPU.ActiveCfg = Debug|Any CPU
		{5EADED8C-3FBD-42FD-A30E-6575EAD2AD09}.Debug|Any CPU.Build.0 = Debug|Any CPU
		{5EADED8C-3FBD-42FD-A30E-6575EAD2AD09}.Release|Any CPU.ActiveCfg = Release|Any CPU
		{5EADED8C-3FBD-42FD-A30E-6575EAD2AD09}.Release|Any CPU.Build.0 = Release|Any CPU
		{EFD19ABA-515F-40CD-BD7A-D53135D7B6D8}.Debug|Any CPU.ActiveCfg = Debug|Any CPU
		{EFD19ABA-515F-40CD-BD7A-D53135D7B6D8}.Debug|Any CPU.Build.0 = Debug|Any CPU
		{EFD19ABA-515F-40CD-BD7A-D53135D7B6D8}.Release|Any CPU.ActiveCfg = Release|Any CPU
		{EFD19ABA-515F-40CD-BD7A-D53135D7B6D8}.Release|Any CPU.Build.0 = Release|Any CPU
		{FAD0ED87-0BB7-44CD-A0DE-7EE8F90DC626}.Debug|Any CPU.ActiveCfg = Debug|Any CPU
		{FAD0ED87-0BB7-44CD-A0DE-7EE8F90DC626}.Debug|Any CPU.Build.0 = Debug|Any CPU
		{FAD0ED87-0BB7-44CD-A0DE-7EE8F90DC626}.Release|Any CPU.ActiveCfg = Release|Any CPU
		{FAD0ED87-0BB7-44CD-A0DE-7EE8F90DC626}.Release|Any CPU.Build.0 = Release|Any CPU
	EndGlobalSection
	GlobalSection(SolutionProperties) = preSolution
		HideSolutionNode = FALSE
	EndGlobalSection
	GlobalSection(ExtensibilityGlobals) = postSolution
		SolutionGuid = {E4F7F378-B061-451D-BA0F-2BEA0CFD5DE5}
	EndGlobalSection
EndGlobal
