
Microsoft Visual Studio Solution File, Format Version 12.00
# Visual Studio 14
VisualStudioVersion = 14.0.25420.1
MinimumVisualStudioVersion = 10.0.40219.1
Project("{2150E333-8FDC-42A3-9474-1A3956D46DE8}") = "Data", "Data", "{67820E04-7F97-40B5-B075-72B917B4FB52}"
EndProject
Project("{2150E333-8FDC-42A3-9474-1A3956D46DE8}") = "Business", "Business", "{4D9D9F81-D0FB-46AF-8A94-4DCA6C3368A2}"
EndProject
Project("{2150E333-8FDC-42A3-9474-1A3956D46DE8}") = "Presentation", "Presentation", "{EDC8611C-47C1-493D-A326-4ED2659F7AB7}"
EndProject
Project("{2150E333-8FDC-42A3-9474-1A3956D46DE8}") = "Shared", "Shared", "{852FB019-89F8-4685-A38A-3A7242017E9D}"
EndProject
Project("{FAE04EC0-301F-11D3-BF4B-00C04F79EFBC}") = "MCGA.Framework", "Shared\MCGA.Framework\MCGA.Framework.csproj", "{81CF6DF1-4E5A-4FB8-9B3A-791B9F09C51D}"
EndProject
Project("{FAE04EC0-301F-11D3-BF4B-00C04F79EFBC}") = "MCGA.Entities", "Shared\MCGA.Entities\MCGA.Entities.csproj", "{9CC9E395-4E72-47FC-9F03-C1CA9E69261D}"
EndProject
Project("{FAE04EC0-301F-11D3-BF4B-00C04F79EFBC}") = "MCGA.Data", "Data\MCGA.Data\MCGA.Data.csproj", "{21A72D4E-4480-4453-A9A4-E2458B84E7F7}"
EndProject
Project("{FAE04EC0-301F-11D3-BF4B-00C04F79EFBC}") = "MCGA.Business", "Business\MCGA.Business\MCGA.Business.csproj", "{8B16F38F-32F0-4B6C-848A-404014161AF2}"
EndProject
Project("{FAE04EC0-301F-11D3-BF4B-00C04F79EFBC}") = "MCGA.UI.Process", "Presentation\MCGA.UI.Process\MCGA.UI.Process.csproj", "{8DCE9C31-1356-475E-BB8E-FE16554B4BE0}"
EndProject
Project("{FAE04EC0-301F-11D3-BF4B-00C04F79EFBC}") = "MCGA.WebSite", "MCGA.WebSite\MCGA.WebSite.csproj", "{0379A4CD-22E8-4E8A-A1E7-46088E008A3B}"
EndProject
Global
	GlobalSection(SolutionConfigurationPlatforms) = preSolution
		Debug|Any CPU = Debug|Any CPU
		Release|Any CPU = Release|Any CPU
	EndGlobalSection
	GlobalSection(ProjectConfigurationPlatforms) = postSolution
		{81CF6DF1-4E5A-4FB8-9B3A-791B9F09C51D}.Debug|Any CPU.ActiveCfg = Debug|Any CPU
		{81CF6DF1-4E5A-4FB8-9B3A-791B9F09C51D}.Debug|Any CPU.Build.0 = Debug|Any CPU
		{81CF6DF1-4E5A-4FB8-9B3A-791B9F09C51D}.Release|Any CPU.ActiveCfg = Release|Any CPU
		{81CF6DF1-4E5A-4FB8-9B3A-791B9F09C51D}.Release|Any CPU.Build.0 = Release|Any CPU
		{9CC9E395-4E72-47FC-9F03-C1CA9E69261D}.Debug|Any CPU.ActiveCfg = Debug|Any CPU
		{9CC9E395-4E72-47FC-9F03-C1CA9E69261D}.Debug|Any CPU.Build.0 = Debug|Any CPU
		{9CC9E395-4E72-47FC-9F03-C1CA9E69261D}.Release|Any CPU.ActiveCfg = Release|Any CPU
		{9CC9E395-4E72-47FC-9F03-C1CA9E69261D}.Release|Any CPU.Build.0 = Release|Any CPU
		{21A72D4E-4480-4453-A9A4-E2458B84E7F7}.Debug|Any CPU.ActiveCfg = Debug|Any CPU
		{21A72D4E-4480-4453-A9A4-E2458B84E7F7}.Debug|Any CPU.Build.0 = Debug|Any CPU
		{21A72D4E-4480-4453-A9A4-E2458B84E7F7}.Release|Any CPU.ActiveCfg = Release|Any CPU
		{21A72D4E-4480-4453-A9A4-E2458B84E7F7}.Release|Any CPU.Build.0 = Release|Any CPU
		{8B16F38F-32F0-4B6C-848A-404014161AF2}.Debug|Any CPU.ActiveCfg = Debug|Any CPU
		{8B16F38F-32F0-4B6C-848A-404014161AF2}.Debug|Any CPU.Build.0 = Debug|Any CPU
		{8B16F38F-32F0-4B6C-848A-404014161AF2}.Release|Any CPU.ActiveCfg = Release|Any CPU
		{8B16F38F-32F0-4B6C-848A-404014161AF2}.Release|Any CPU.Build.0 = Release|Any CPU
		{8DCE9C31-1356-475E-BB8E-FE16554B4BE0}.Debug|Any CPU.ActiveCfg = Debug|Any CPU
		{8DCE9C31-1356-475E-BB8E-FE16554B4BE0}.Debug|Any CPU.Build.0 = Debug|Any CPU
		{8DCE9C31-1356-475E-BB8E-FE16554B4BE0}.Release|Any CPU.ActiveCfg = Release|Any CPU
		{8DCE9C31-1356-475E-BB8E-FE16554B4BE0}.Release|Any CPU.Build.0 = Release|Any CPU
		{0379A4CD-22E8-4E8A-A1E7-46088E008A3B}.Debug|Any CPU.ActiveCfg = Debug|Any CPU
		{0379A4CD-22E8-4E8A-A1E7-46088E008A3B}.Debug|Any CPU.Build.0 = Debug|Any CPU
		{0379A4CD-22E8-4E8A-A1E7-46088E008A3B}.Release|Any CPU.ActiveCfg = Release|Any CPU
		{0379A4CD-22E8-4E8A-A1E7-46088E008A3B}.Release|Any CPU.Build.0 = Release|Any CPU
	EndGlobalSection
	GlobalSection(SolutionProperties) = preSolution
		HideSolutionNode = FALSE
	EndGlobalSection
	GlobalSection(NestedProjects) = preSolution
		{81CF6DF1-4E5A-4FB8-9B3A-791B9F09C51D} = {852FB019-89F8-4685-A38A-3A7242017E9D}
		{9CC9E395-4E72-47FC-9F03-C1CA9E69261D} = {852FB019-89F8-4685-A38A-3A7242017E9D}
		{21A72D4E-4480-4453-A9A4-E2458B84E7F7} = {67820E04-7F97-40B5-B075-72B917B4FB52}
		{8B16F38F-32F0-4B6C-848A-404014161AF2} = {4D9D9F81-D0FB-46AF-8A94-4DCA6C3368A2}
		{8DCE9C31-1356-475E-BB8E-FE16554B4BE0} = {EDC8611C-47C1-493D-A326-4ED2659F7AB7}
		{0379A4CD-22E8-4E8A-A1E7-46088E008A3B} = {EDC8611C-47C1-493D-A326-4ED2659F7AB7}
	EndGlobalSection
EndGlobal
